// !$*UTF8*$!
{
	archiveVersion = 1;
	classes = {
	};
	objectVersion = 56;
	objects = {

/* Begin PBXBuildFile section */
		720D579F2A2B0AFF007E9D69 /* AppDelegate.swift in Sources */ = {isa = PBXBuildFile; fileRef = 720D579E2A2B0AFF007E9D69 /* AppDelegate.swift */; };
		720D57A12A2B0AFF007E9D69 /* SceneDelegate.swift in Sources */ = {isa = PBXBuildFile; fileRef = 720D57A02A2B0AFF007E9D69 /* SceneDelegate.swift */; };
		720D57A32A2B0AFF007E9D69 /* ReminderListViewController.swift in Sources */ = {isa = PBXBuildFile; fileRef = 720D57A22A2B0AFF007E9D69 /* ReminderListViewController.swift */; };
		720D57A62A2B0AFF007E9D69 /* Main.storyboard in Resources */ = {isa = PBXBuildFile; fileRef = 720D57A42A2B0AFF007E9D69 /* Main.storyboard */; };
		720D57A82A2B0AFF007E9D69 /* Assets.xcassets in Resources */ = {isa = PBXBuildFile; fileRef = 720D57A72A2B0AFF007E9D69 /* Assets.xcassets */; };
		720D57AB2A2B0AFF007E9D69 /* LaunchScreen.storyboard in Resources */ = {isa = PBXBuildFile; fileRef = 720D57A92A2B0AFF007E9D69 /* LaunchScreen.storyboard */; };
		726212632A2B0E8D00800BFD /* Reminder.swift in Sources */ = {isa = PBXBuildFile; fileRef = 726212622A2B0E8D00800BFD /* Reminder.swift */; };
		726212652A2B6F6700800BFD /* Date+Today.swift in Sources */ = {isa = PBXBuildFile; fileRef = 726212642A2B6F6700800BFD /* Date+Today.swift */; };
		726212682A2B814000800BFD /* ReminderListViewController+DataSource.swift in Sources */ = {isa = PBXBuildFile; fileRef = 726212672A2B814000800BFD /* ReminderListViewController+DataSource.swift */; };
		72765EB72A2CCF3900E20789 /* ReminderViewController+CellConfiguration.swift in Sources */ = {isa = PBXBuildFile; fileRef = 72765EB62A2CCF3900E20789 /* ReminderViewController+CellConfiguration.swift */; };
		72765EBA2A2CD22300E20789 /* UIView+PinnedSubviews.swift in Sources */ = {isa = PBXBuildFile; fileRef = 72765EB92A2CD22300E20789 /* UIView+PinnedSubviews.swift */; };
		72765EBC2A2CD55300E20789 /* TextFieldContentView.swift in Sources */ = {isa = PBXBuildFile; fileRef = 72765EBB2A2CD55300E20789 /* TextFieldContentView.swift */; };
		72765EBE2A2CDBD400E20789 /* UIContentConfiguration+Stateless.swift in Sources */ = {isa = PBXBuildFile; fileRef = 72765EBD2A2CDBD400E20789 /* UIContentConfiguration+Stateless.swift */; };
		72765EC02A2CE9DF00E20789 /* TextViewContentView.swift in Sources */ = {isa = PBXBuildFile; fileRef = 72765EBF2A2CE9DF00E20789 /* TextViewContentView.swift */; };
		72765EC22A2CEC7000E20789 /* DatePickerContentView.swift in Sources */ = {isa = PBXBuildFile; fileRef = 72765EC12A2CEC7000E20789 /* DatePickerContentView.swift */; };
		72765EC42A2D165600E20789 /* ReminderListStyle.swift in Sources */ = {isa = PBXBuildFile; fileRef = 72765EC32A2D165600E20789 /* ReminderListStyle.swift */; };
		72CEB9812A2BA8780075D257 /* ReminderViewController.swift in Sources */ = {isa = PBXBuildFile; fileRef = 72CEB9802A2BA8780075D257 /* ReminderViewController.swift */; };
		72CEB9842A2BA9C50075D257 /* ReminderViewController+Row.swift in Sources */ = {isa = PBXBuildFile; fileRef = 72CEB9832A2BA9C50075D257 /* ReminderViewController+Row.swift */; };
		72CEB9862A2C2CFC0075D257 /* ReminderViewController+Section.swift in Sources */ = {isa = PBXBuildFile; fileRef = 72CEB9852A2C2CFC0075D257 /* ReminderViewController+Section.swift */; };
		72F675E82A2B90F200460AC5 /* UIColor+Today.swift in Sources */ = {isa = PBXBuildFile; fileRef = 72F675E72A2B90F200460AC5 /* UIColor+Today.swift */; };
		72F675EA2A2B957000460AC5 /* ReminderDoneButton.swift in Sources */ = {isa = PBXBuildFile; fileRef = 72F675E92A2B957000460AC5 /* ReminderDoneButton.swift */; };
		72F675EC2A2B974800460AC5 /* ReminderListViewController+Actions.swift in Sources */ = {isa = PBXBuildFile; fileRef = 72F675EB2A2B974800460AC5 /* ReminderListViewController+Actions.swift */; };
/* End PBXBuildFile section */

/* Begin PBXFileReference section */
		720D579B2A2B0AFF007E9D69 /* Today.app */ = {isa = PBXFileReference; explicitFileType = wrapper.application; includeInIndex = 0; path = Today.app; sourceTree = BUILT_PRODUCTS_DIR; };
		720D579E2A2B0AFF007E9D69 /* AppDelegate.swift */ = {isa = PBXFileReference; lastKnownFileType = sourcecode.swift; path = AppDelegate.swift; sourceTree = "<group>"; };
		720D57A02A2B0AFF007E9D69 /* SceneDelegate.swift */ = {isa = PBXFileReference; lastKnownFileType = sourcecode.swift; path = SceneDelegate.swift; sourceTree = "<group>"; };
		720D57A22A2B0AFF007E9D69 /* ReminderListViewController.swift */ = {isa = PBXFileReference; lastKnownFileType = sourcecode.swift; path = ReminderListViewController.swift; sourceTree = "<group>"; };
		720D57A52A2B0AFF007E9D69 /* Base */ = {isa = PBXFileReference; lastKnownFileType = file.storyboard; name = Base; path = Base.lproj/Main.storyboard; sourceTree = "<group>"; };
		720D57A72A2B0AFF007E9D69 /* Assets.xcassets */ = {isa = PBXFileReference; lastKnownFileType = folder.assetcatalog; path = Assets.xcassets; sourceTree = "<group>"; };
		720D57AA2A2B0AFF007E9D69 /* Base */ = {isa = PBXFileReference; lastKnownFileType = file.storyboard; name = Base; path = Base.lproj/LaunchScreen.storyboard; sourceTree = "<group>"; };
		720D57AC2A2B0AFF007E9D69 /* Info.plist */ = {isa = PBXFileReference; lastKnownFileType = text.plist.xml; path = Info.plist; sourceTree = "<group>"; };
		726212622A2B0E8D00800BFD /* Reminder.swift */ = {isa = PBXFileReference; lastKnownFileType = sourcecode.swift; path = Reminder.swift; sourceTree = "<group>"; };
		726212642A2B6F6700800BFD /* Date+Today.swift */ = {isa = PBXFileReference; lastKnownFileType = sourcecode.swift; path = "Date+Today.swift"; sourceTree = "<group>"; };
		726212672A2B814000800BFD /* ReminderListViewController+DataSource.swift */ = {isa = PBXFileReference; lastKnownFileType = sourcecode.swift; path = "ReminderListViewController+DataSource.swift"; sourceTree = "<group>"; };
		72765EB62A2CCF3900E20789 /* ReminderViewController+CellConfiguration.swift */ = {isa = PBXFileReference; lastKnownFileType = sourcecode.swift; path = "ReminderViewController+CellConfiguration.swift"; sourceTree = "<group>"; };
		72765EB92A2CD22300E20789 /* UIView+PinnedSubviews.swift */ = {isa = PBXFileReference; lastKnownFileType = sourcecode.swift; path = "UIView+PinnedSubviews.swift"; sourceTree = "<group>"; };
		72765EBB2A2CD55300E20789 /* TextFieldContentView.swift */ = {isa = PBXFileReference; lastKnownFileType = sourcecode.swift; path = TextFieldContentView.swift; sourceTree = "<group>"; };
		72765EBD2A2CDBD400E20789 /* UIContentConfiguration+Stateless.swift */ = {isa = PBXFileReference; lastKnownFileType = sourcecode.swift; path = "UIContentConfiguration+Stateless.swift"; sourceTree = "<group>"; };
		72765EBF2A2CE9DF00E20789 /* TextViewContentView.swift */ = {isa = PBXFileReference; lastKnownFileType = sourcecode.swift; path = TextViewContentView.swift; sourceTree = "<group>"; };
		72765EC12A2CEC7000E20789 /* DatePickerContentView.swift */ = {isa = PBXFileReference; lastKnownFileType = sourcecode.swift; path = DatePickerContentView.swift; sourceTree = "<group>"; };
		72765EC32A2D165600E20789 /* ReminderListStyle.swift */ = {isa = PBXFileReference; lastKnownFileType = sourcecode.swift; path = ReminderListStyle.swift; sourceTree = "<group>"; };
		72CEB9802A2BA8780075D257 /* ReminderViewController.swift */ = {isa = PBXFileReference; lastKnownFileType = sourcecode.swift; path = ReminderViewController.swift; sourceTree = "<group>"; };
		72CEB9832A2BA9C50075D257 /* ReminderViewController+Row.swift */ = {isa = PBXFileReference; lastKnownFileType = sourcecode.swift; path = "ReminderViewController+Row.swift"; sourceTree = "<group>"; };
		72CEB9852A2C2CFC0075D257 /* ReminderViewController+Section.swift */ = {isa = PBXFileReference; lastKnownFileType = sourcecode.swift; path = "ReminderViewController+Section.swift"; sourceTree = "<group>"; };
		72F675E72A2B90F200460AC5 /* UIColor+Today.swift */ = {isa = PBXFileReference; fileEncoding = 4; lastKnownFileType = sourcecode.swift; path = "UIColor+Today.swift"; sourceTree = "<group>"; };
		72F675E92A2B957000460AC5 /* ReminderDoneButton.swift */ = {isa = PBXFileReference; lastKnownFileType = sourcecode.swift; path = ReminderDoneButton.swift; sourceTree = "<group>"; };
		72F675EB2A2B974800460AC5 /* ReminderListViewController+Actions.swift */ = {isa = PBXFileReference; lastKnownFileType = sourcecode.swift; path = "ReminderListViewController+Actions.swift"; sourceTree = "<group>"; };
/* End PBXFileReference section */

/* Begin PBXFrameworksBuildPhase section */
		720D57982A2B0AFF007E9D69 /* Frameworks */ = {
			isa = PBXFrameworksBuildPhase;
			buildActionMask = 2147483647;
			files = (
			);
			runOnlyForDeploymentPostprocessing = 0;
		};
/* End PBXFrameworksBuildPhase section */

/* Begin PBXGroup section */
		720D57922A2B0AFF007E9D69 = {
			isa = PBXGroup;
			children = (
				720D579D2A2B0AFF007E9D69 /* Today */,
				720D579C2A2B0AFF007E9D69 /* Products */,
			);
			sourceTree = "<group>";
		};
		720D579C2A2B0AFF007E9D69 /* Products */ = {
			isa = PBXGroup;
			children = (
				720D579B2A2B0AFF007E9D69 /* Today.app */,
			);
			name = Products;
			sourceTree = "<group>";
		};
		720D579D2A2B0AFF007E9D69 /* Today */ = {
			isa = PBXGroup;
			children = (
				720D579E2A2B0AFF007E9D69 /* AppDelegate.swift */,
				720D57A02A2B0AFF007E9D69 /* SceneDelegate.swift */,
				726212612A2B0E6F00800BFD /* Model */,
				726212662A2B80F000800BFD /* ListViewController */,
				72CEB9822A2BA9A40075D257 /* DetailViewController */,
				72765EB82A2CD18F00E20789 /* ContentViews */,
				720D57A42A2B0AFF007E9D69 /* Main.storyboard */,
				720D57A72A2B0AFF007E9D69 /* Assets.xcassets */,
				720D57A92A2B0AFF007E9D69 /* LaunchScreen.storyboard */,
				720D57AC2A2B0AFF007E9D69 /* Info.plist */,
			);
			path = Today;
			sourceTree = "<group>";
		};
		726212612A2B0E6F00800BFD /* Model */ = {
			isa = PBXGroup;
			children = (
				72F675E72A2B90F200460AC5 /* UIColor+Today.swift */,
				726212622A2B0E8D00800BFD /* Reminder.swift */,
				726212642A2B6F6700800BFD /* Date+Today.swift */,
				72765EC32A2D165600E20789 /* ReminderListStyle.swift */,
			);
			name = Model;
			sourceTree = "<group>";
		};
		726212662A2B80F000800BFD /* ListViewController */ = {
			isa = PBXGroup;
			children = (
				720D57A22A2B0AFF007E9D69 /* ReminderListViewController.swift */,
				72F675E92A2B957000460AC5 /* ReminderDoneButton.swift */,
				72F675EB2A2B974800460AC5 /* ReminderListViewController+Actions.swift */,
				726212672A2B814000800BFD /* ReminderListViewController+DataSource.swift */,
			);
			name = ListViewController;
			sourceTree = "<group>";
		};
		72765EB82A2CD18F00E20789 /* ContentViews */ = {
			isa = PBXGroup;
			children = (
				72765EB92A2CD22300E20789 /* UIView+PinnedSubviews.swift */,
				72765EBB2A2CD55300E20789 /* TextFieldContentView.swift */,
				72765EBD2A2CDBD400E20789 /* UIContentConfiguration+Stateless.swift */,
				72765EBF2A2CE9DF00E20789 /* TextViewContentView.swift */,
				72765EC12A2CEC7000E20789 /* DatePickerContentView.swift */,
			);
			path = ContentViews;
			sourceTree = "<group>";
		};
		72CEB9822A2BA9A40075D257 /* DetailViewController */ = {
			isa = PBXGroup;
			children = (
				72CEB9802A2BA8780075D257 /* ReminderViewController.swift */,
				72765EB62A2CCF3900E20789 /* ReminderViewController+CellConfiguration.swift */,
				72CEB9832A2BA9C50075D257 /* ReminderViewController+Row.swift */,
				72CEB9852A2C2CFC0075D257 /* ReminderViewController+Section.swift */,
			);
			path = DetailViewController;
			sourceTree = "<group>";
		};
/* End PBXGroup section */

/* Begin PBXNativeTarget section */
		720D579A2A2B0AFF007E9D69 /* Today */ = {
			isa = PBXNativeTarget;
			buildConfigurationList = 720D57AF2A2B0AFF007E9D69 /* Build configuration list for PBXNativeTarget "Today" */;
			buildPhases = (
				720D57972A2B0AFF007E9D69 /* Sources */,
				720D57982A2B0AFF007E9D69 /* Frameworks */,
				720D57992A2B0AFF007E9D69 /* Resources */,
			);
			buildRules = (
			);
			dependencies = (
			);
			name = Today;
			productName = Today;
			productReference = 720D579B2A2B0AFF007E9D69 /* Today.app */;
			productType = "com.apple.product-type.application";
		};
/* End PBXNativeTarget section */

/* Begin PBXProject section */
		720D57932A2B0AFF007E9D69 /* Project object */ = {
			isa = PBXProject;
			attributes = {
				BuildIndependentTargetsInParallel = 1;
				LastSwiftUpdateCheck = 1430;
				LastUpgradeCheck = 1430;
				TargetAttributes = {
					720D579A2A2B0AFF007E9D69 = {
						CreatedOnToolsVersion = 14.3;
					};
				};
			};
			buildConfigurationList = 720D57962A2B0AFF007E9D69 /* Build configuration list for PBXProject "Today" */;
			compatibilityVersion = "Xcode 14.0";
			developmentRegion = en;
			hasScannedForEncodings = 0;
			knownRegions = (
				en,
				Base,
			);
			mainGroup = 720D57922A2B0AFF007E9D69;
			productRefGroup = 720D579C2A2B0AFF007E9D69 /* Products */;
			projectDirPath = "";
			projectRoot = "";
			targets = (
				720D579A2A2B0AFF007E9D69 /* Today */,
			);
		};
/* End PBXProject section */

/* Begin PBXResourcesBuildPhase section */
		720D57992A2B0AFF007E9D69 /* Resources */ = {
			isa = PBXResourcesBuildPhase;
			buildActionMask = 2147483647;
			files = (
				720D57AB2A2B0AFF007E9D69 /* LaunchScreen.storyboard in Resources */,
				720D57A82A2B0AFF007E9D69 /* Assets.xcassets in Resources */,
				720D57A62A2B0AFF007E9D69 /* Main.storyboard in Resources */,
			);
			runOnlyForDeploymentPostprocessing = 0;
		};
/* End PBXResourcesBuildPhase section */

/* Begin PBXSourcesBuildPhase section */
		720D57972A2B0AFF007E9D69 /* Sources */ = {
			isa = PBXSourcesBuildPhase;
			buildActionMask = 2147483647;
			files = (
				72765EBA2A2CD22300E20789 /* UIView+PinnedSubviews.swift in Sources */,
				72CEB9862A2C2CFC0075D257 /* ReminderViewController+Section.swift in Sources */,
				72765EC22A2CEC7000E20789 /* DatePickerContentView.swift in Sources */,
				72F675E82A2B90F200460AC5 /* UIColor+Today.swift in Sources */,
				720D57A32A2B0AFF007E9D69 /* ReminderListViewController.swift in Sources */,
				72CEB9812A2BA8780075D257 /* ReminderViewController.swift in Sources */,
				72765EC42A2D165600E20789 /* ReminderListStyle.swift in Sources */,
				72765EBE2A2CDBD400E20789 /* UIContentConfiguration+Stateless.swift in Sources */,
				726212652A2B6F6700800BFD /* Date+Today.swift in Sources */,
				72F675EA2A2B957000460AC5 /* ReminderDoneButton.swift in Sources */,
				72765EBC2A2CD55300E20789 /* TextFieldContentView.swift in Sources */,
				72765EC02A2CE9DF00E20789 /* TextViewContentView.swift in Sources */,
				72CEB9842A2BA9C50075D257 /* ReminderViewController+Row.swift in Sources */,
				720D579F2A2B0AFF007E9D69 /* AppDelegate.swift in Sources */,
				720D57A12A2B0AFF007E9D69 /* SceneDelegate.swift in Sources */,
				72765EB72A2CCF3900E20789 /* ReminderViewController+CellConfiguration.swift in Sources */,
				72F675EC2A2B974800460AC5 /* ReminderListViewController+Actions.swift in Sources */,
				726212632A2B0E8D00800BFD /* Reminder.swift in Sources */,
				726212682A2B814000800BFD /* ReminderListViewController+DataSource.swift in Sources */,
			);
			runOnlyForDeploymentPostprocessing = 0;
		};
/* End PBXSourcesBuildPhase section */

/* Begin PBXVariantGroup section */
		720D57A42A2B0AFF007E9D69 /* Main.storyboard */ = {
			isa = PBXVariantGroup;
			children = (
				720D57A52A2B0AFF007E9D69 /* Base */,
			);
			name = Main.storyboard;
			sourceTree = "<group>";
		};
		720D57A92A2B0AFF007E9D69 /* LaunchScreen.storyboard */ = {
			isa = PBXVariantGroup;
			children = (
				720D57AA2A2B0AFF007E9D69 /* Base */,
			);
			name = LaunchScreen.storyboard;
			sourceTree = "<group>";
		};
/* End PBXVariantGroup section */

/* Begin XCBuildConfiguration section */
		720D57AD2A2B0AFF007E9D69 /* Debug */ = {
			isa = XCBuildConfiguration;
			buildSettings = {
				ALWAYS_SEARCH_USER_PATHS = NO;
				CLANG_ANALYZER_NONNULL = YES;
				CLANG_ANALYZER_NUMBER_OBJECT_CONVERSION = YES_AGGRESSIVE;
				CLANG_CXX_LANGUAGE_STANDARD = "gnu++20";
				CLANG_ENABLE_MODULES = YES;
				CLANG_ENABLE_OBJC_ARC = YES;
				CLANG_ENABLE_OBJC_WEAK = YES;
				CLANG_WARN_BLOCK_CAPTURE_AUTORELEASING = YES;
				CLANG_WARN_BOOL_CONVERSION = YES;
				CLANG_WARN_COMMA = YES;
				CLANG_WARN_CONSTANT_CONVERSION = YES;
				CLANG_WARN_DEPRECATED_OBJC_IMPLEMENTATIONS = YES;
				CLANG_WARN_DIRECT_OBJC_ISA_USAGE = YES_ERROR;
				CLANG_WARN_DOCUMENTATION_COMMENTS = YES;
				CLANG_WARN_EMPTY_BODY = YES;
				CLANG_WARN_ENUM_CONVERSION = YES;
				CLANG_WARN_INFINITE_RECURSION = YES;
				CLANG_WARN_INT_CONVERSION = YES;
				CLANG_WARN_NON_LITERAL_NULL_CONVERSION = YES;
				CLANG_WARN_OBJC_IMPLICIT_RETAIN_SELF = YES;
				CLANG_WARN_OBJC_LITERAL_CONVERSION = YES;
				CLANG_WARN_OBJC_ROOT_CLASS = YES_ERROR;
				CLANG_WARN_QUOTED_INCLUDE_IN_FRAMEWORK_HEADER = YES;
				CLANG_WARN_RANGE_LOOP_ANALYSIS = YES;
				CLANG_WARN_STRICT_PROTOTYPES = YES;
				CLANG_WARN_SUSPICIOUS_MOVE = YES;
				CLANG_WARN_UNGUARDED_AVAILABILITY = YES_AGGRESSIVE;
				CLANG_WARN_UNREACHABLE_CODE = YES;
				CLANG_WARN__DUPLICATE_METHOD_MATCH = YES;
				COPY_PHASE_STRIP = NO;
				DEBUG_INFORMATION_FORMAT = dwarf;
				ENABLE_STRICT_OBJC_MSGSEND = YES;
				ENABLE_TESTABILITY = YES;
				GCC_C_LANGUAGE_STANDARD = gnu11;
				GCC_DYNAMIC_NO_PIC = NO;
				GCC_NO_COMMON_BLOCKS = YES;
				GCC_OPTIMIZATION_LEVEL = 0;
				GCC_PREPROCESSOR_DEFINITIONS = (
					"DEBUG=1",
					"$(inherited)",
				);
				GCC_WARN_64_TO_32_BIT_CONVERSION = YES;
				GCC_WARN_ABOUT_RETURN_TYPE = YES_ERROR;
				GCC_WARN_UNDECLARED_SELECTOR = YES;
				GCC_WARN_UNINITIALIZED_AUTOS = YES_AGGRESSIVE;
				GCC_WARN_UNUSED_FUNCTION = YES;
				GCC_WARN_UNUSED_VARIABLE = YES;
				IPHONEOS_DEPLOYMENT_TARGET = 16.4;
				MTL_ENABLE_DEBUG_INFO = INCLUDE_SOURCE;
				MTL_FAST_MATH = YES;
				ONLY_ACTIVE_ARCH = YES;
				SDKROOT = iphoneos;
				SWIFT_ACTIVE_COMPILATION_CONDITIONS = DEBUG;
				SWIFT_OPTIMIZATION_LEVEL = "-Onone";
			};
			name = Debug;
		};
		720D57AE2A2B0AFF007E9D69 /* Release */ = {
			isa = XCBuildConfiguration;
			buildSettings = {
				ALWAYS_SEARCH_USER_PATHS = NO;
				CLANG_ANALYZER_NONNULL = YES;
				CLANG_ANALYZER_NUMBER_OBJECT_CONVERSION = YES_AGGRESSIVE;
				CLANG_CXX_LANGUAGE_STANDARD = "gnu++20";
				CLANG_ENABLE_MODULES = YES;
				CLANG_ENABLE_OBJC_ARC = YES;
				CLANG_ENABLE_OBJC_WEAK = YES;
				CLANG_WARN_BLOCK_CAPTURE_AUTORELEASING = YES;
				CLANG_WARN_BOOL_CONVERSION = YES;
				CLANG_WARN_COMMA = YES;
				CLANG_WARN_CONSTANT_CONVERSION = YES;
				CLANG_WARN_DEPRECATED_OBJC_IMPLEMENTATIONS = YES;
				CLANG_WARN_DIRECT_OBJC_ISA_USAGE = YES_ERROR;
				CLANG_WARN_DOCUMENTATION_COMMENTS = YES;
				CLANG_WARN_EMPTY_BODY = YES;
				CLANG_WARN_ENUM_CONVERSION = YES;
				CLANG_WARN_INFINITE_RECURSION = YES;
				CLANG_WARN_INT_CONVERSION = YES;
				CLANG_WARN_NON_LITERAL_NULL_CONVERSION = YES;
				CLANG_WARN_OBJC_IMPLICIT_RETAIN_SELF = YES;
				CLANG_WARN_OBJC_LITERAL_CONVERSION = YES;
				CLANG_WARN_OBJC_ROOT_CLASS = YES_ERROR;
				CLANG_WARN_QUOTED_INCLUDE_IN_FRAMEWORK_HEADER = YES;
				CLANG_WARN_RANGE_LOOP_ANALYSIS = YES;
				CLANG_WARN_STRICT_PROTOTYPES = YES;
				CLANG_WARN_SUSPICIOUS_MOVE = YES;
				CLANG_WARN_UNGUARDED_AVAILABILITY = YES_AGGRESSIVE;
				CLANG_WARN_UNREACHABLE_CODE = YES;
				CLANG_WARN__DUPLICATE_METHOD_MATCH = YES;
				COPY_PHASE_STRIP = NO;
				DEBUG_INFORMATION_FORMAT = "dwarf-with-dsym";
				ENABLE_NS_ASSERTIONS = NO;
				ENABLE_STRICT_OBJC_MSGSEND = YES;
				GCC_C_LANGUAGE_STANDARD = gnu11;
				GCC_NO_COMMON_BLOCKS = YES;
				GCC_WARN_64_TO_32_BIT_CONVERSION = YES;
				GCC_WARN_ABOUT_RETURN_TYPE = YES_ERROR;
				GCC_WARN_UNDECLARED_SELECTOR = YES;
				GCC_WARN_UNINITIALIZED_AUTOS = YES_AGGRESSIVE;
				GCC_WARN_UNUSED_FUNCTION = YES;
				GCC_WARN_UNUSED_VARIABLE = YES;
				IPHONEOS_DEPLOYMENT_TARGET = 16.4;
				MTL_ENABLE_DEBUG_INFO = NO;
				MTL_FAST_MATH = YES;
				SDKROOT = iphoneos;
				SWIFT_COMPILATION_MODE = wholemodule;
				SWIFT_OPTIMIZATION_LEVEL = "-O";
				VALIDATE_PRODUCT = YES;
			};
			name = Release;
		};
		720D57B02A2B0AFF007E9D69 /* Debug */ = {
			isa = XCBuildConfiguration;
			buildSettings = {
				ASSETCATALOG_COMPILER_APPICON_NAME = AppIcon;
				ASSETCATALOG_COMPILER_GLOBAL_ACCENT_COLOR_NAME = AccentColor;
				CODE_SIGN_STYLE = Automatic;
				CURRENT_PROJECT_VERSION = 1;
				DEVELOPMENT_TEAM = ZQ5836HUMC;
				GENERATE_INFOPLIST_FILE = YES;
				INFOPLIST_FILE = Today/Info.plist;
				INFOPLIST_KEY_UIApplicationSupportsIndirectInputEvents = YES;
				INFOPLIST_KEY_UILaunchStoryboardName = LaunchScreen;
				INFOPLIST_KEY_UIMainStoryboardFile = Main;
				INFOPLIST_KEY_UISupportedInterfaceOrientations_iPad = "UIInterfaceOrientationPortrait UIInterfaceOrientationPortraitUpsideDown UIInterfaceOrientationLandscapeLeft UIInterfaceOrientationLandscapeRight";
				INFOPLIST_KEY_UISupportedInterfaceOrientations_iPhone = "UIInterfaceOrientationPortrait UIInterfaceOrientationLandscapeLeft UIInterfaceOrientationLandscapeRight";
				LD_RUNPATH_SEARCH_PATHS = (
					"$(inherited)",
					"@executable_path/Frameworks",
				);
				MARKETING_VERSION = 1.0;
				PRODUCT_BUNDLE_IDENTIFIER = com.torikatsu923.Today;
				PRODUCT_NAME = "$(TARGET_NAME)";
				SWIFT_EMIT_LOC_STRINGS = YES;
				SWIFT_VERSION = 5.0;
				TARGETED_DEVICE_FAMILY = "1,2";
			};
			name = Debug;
		};
		720D57B12A2B0AFF007E9D69 /* Release */ = {
			isa = XCBuildConfiguration;
			buildSettings = {
				ASSETCATALOG_COMPILER_APPICON_NAME = AppIcon;
				ASSETCATALOG_COMPILER_GLOBAL_ACCENT_COLOR_NAME = AccentColor;
				CODE_SIGN_STYLE = Automatic;
				CURRENT_PROJECT_VERSION = 1;
				DEVELOPMENT_TEAM = ZQ5836HUMC;
				GENERATE_INFOPLIST_FILE = YES;
				INFOPLIST_FILE = Today/Info.plist;
				INFOPLIST_KEY_UIApplicationSupportsIndirectInputEvents = YES;
				INFOPLIST_KEY_UILaunchStoryboardName = LaunchScreen;
				INFOPLIST_KEY_UIMainStoryboardFile = Main;
				INFOPLIST_KEY_UISupportedInterfaceOrientations_iPad = "UIInterfaceOrientationPortrait UIInterfaceOrientationPortraitUpsideDown UIInterfaceOrientationLandscapeLeft UIInterfaceOrientationLandscapeRight";
				INFOPLIST_KEY_UISupportedInterfaceOrientations_iPhone = "UIInterfaceOrientationPortrait UIInterfaceOrientationLandscapeLeft UIInterfaceOrientationLandscapeRight";
				LD_RUNPATH_SEARCH_PATHS = (
					"$(inherited)",
					"@executable_path/Frameworks",
				);
				MARKETING_VERSION = 1.0;
				PRODUCT_BUNDLE_IDENTIFIER = com.torikatsu923.Today;
				PRODUCT_NAME = "$(TARGET_NAME)";
				SWIFT_EMIT_LOC_STRINGS = YES;
				SWIFT_VERSION = 5.0;
				TARGETED_DEVICE_FAMILY = "1,2";
			};
			name = Release;
		};
/* End XCBuildConfiguration section */

/* Begin XCConfigurationList section */
		720D57962A2B0AFF007E9D69 /* Build configuration list for PBXProject "Today" */ = {
			isa = XCConfigurationList;
			buildConfigurations = (
				720D57AD2A2B0AFF007E9D69 /* Debug */,
				720D57AE2A2B0AFF007E9D69 /* Release */,
			);
			defaultConfigurationIsVisible = 0;
			defaultConfigurationName = Release;
		};
		720D57AF2A2B0AFF007E9D69 /* Build configuration list for PBXNativeTarget "Today" */ = {
			isa = XCConfigurationList;
			buildConfigurations = (
				720D57B02A2B0AFF007E9D69 /* Debug */,
				720D57B12A2B0AFF007E9D69 /* Release */,
			);
			defaultConfigurationIsVisible = 0;
			defaultConfigurationName = Release;
		};
/* End XCConfigurationList section */
	};
	rootObject = 720D57932A2B0AFF007E9D69 /* Project object */;
}
